
Microsoft Visual Studio Solution File, Format Version 12.00
# Visual Studio 15
Project("{FAE04EC0-301F-11D3-BF4B-00C04F79EFBC}") = "Assembly-CSharp", "Assembly-CSharp.csproj", "{AAC3283E-9DAF-C24C-EA11-8977058BB0C5}"
EndProject
Project("{FAE04EC0-301F-11D3-BF4B-00C04F79EFBC}") = "Microsoft.VCRTForwarders.140", "Microsoft.VCRTForwarders.140.csproj", "{936CBF3B-DED1-E76C-AB88-25A539D7BDD2}"
EndProject
Project("{FAE04EC0-301F-11D3-BF4B-00C04F79EFBC}") = "Microsoft.MixedReality.QR.Editor", "Microsoft.MixedReality.QR.Editor.csproj", "{743B7C32-18E0-0EB9-DBBA-474DAC7DE700}"
EndProject
Global
	GlobalSection(SolutionConfigurationPlatforms) = preSolution
		Debug|Any CPU = Debug|Any CPU
		Release|Any CPU = Release|Any CPU
	EndGlobalSection
	GlobalSection(ProjectConfigurationPlatforms) = postSolution
		{AAC3283E-9DAF-C24C-EA11-8977058BB0C5}.Debug|Any CPU.ActiveCfg = Debug|Any CPU
		{AAC3283E-9DAF-C24C-EA11-8977058BB0C5}.Debug|Any CPU.Build.0 = Debug|Any CPU
		{AAC3283E-9DAF-C24C-EA11-8977058BB0C5}.Release|Any CPU.ActiveCfg = Release|Any CPU
		{AAC3283E-9DAF-C24C-EA11-8977058BB0C5}.Release|Any CPU.Build.0 = Release|Any CPU
		{936CBF3B-DED1-E76C-AB88-25A539D7BDD2}.Debug|Any CPU.ActiveCfg = Debug|Any CPU
		{936CBF3B-DED1-E76C-AB88-25A539D7BDD2}.Debug|Any CPU.Build.0 = Debug|Any CPU
		{936CBF3B-DED1-E76C-AB88-25A539D7BDD2}.Release|Any CPU.ActiveCfg = Release|Any CPU
		{936CBF3B-DED1-E76C-AB88-25A539D7BDD2}.Release|Any CPU.Build.0 = Release|Any CPU
		{743B7C32-18E0-0EB9-DBBA-474DAC7DE700}.Debug|Any CPU.ActiveCfg = Debug|Any CPU
		{743B7C32-18E0-0EB9-DBBA-474DAC7DE700}.Debug|Any CPU.Build.0 = Debug|Any CPU
		{743B7C32-18E0-0EB9-DBBA-474DAC7DE700}.Release|Any CPU.ActiveCfg = Release|Any CPU
		{743B7C32-18E0-0EB9-DBBA-474DAC7DE700}.Release|Any CPU.Build.0 = Release|Any CPU
	EndGlobalSection
	GlobalSection(SolutionProperties) = preSolution
		HideSolutionNode = FALSE
	EndGlobalSection
EndGlobal
